{
  "projects": [
    {
      "projectId": "seaQhLVS4bbjiGvJJrRwyL",
      "version": "15.0.3",
      "dependencies": {},
      "lang": "ts",
      "fileLocks": [
        {
          "assetId": "seaQhLVS4bbjiGvJJrRwyL",
          "type": "projectCss",
          "checksum": "3a2c1605ed5a5a7896e997467a883c93"
        }
      ],
      "codegenVersion": "0.0.1"
    },
    {
      "projectId": "3hQ45Qp3weZJpu4pcRPYdi",
      "version": "latest",
      "dependencies": {
        "seaQhLVS4bbjiGvJJrRwyL": "15.0.3"
      },
      "lang": "ts",
      "fileLocks": [
        {
          "type": "globalVariant",
          "assetId": "vx3H19_oh_-3Ef",
          "checksum": "29f92602ee1f77e84ec05e813ce89cfc"
        },
        {
          "assetId": "3hQ45Qp3weZJpu4pcRPYdi",
          "type": "projectCss",
          "checksum": "cc7b9f9ed29573af7a62d561c0acfb9e"
        },
        {
          "type": "renderModule",
          "assetId": "DwegNQk0zjLOw",
          "checksum": "3184f5bc844321065a5db95ffd54fa70"
        },
        {
          "type": "cssRules",
          "assetId": "DwegNQk0zjLOw",
          "checksum": "3184f5bc844321065a5db95ffd54fa70"
        },
        {
          "type": "renderModule",
          "assetId": "BUZTzwjiAmN-L",
          "checksum": "d7551b8a8170c079b20bd8da79cd2341"
        },
        {
          "type": "cssRules",
          "assetId": "BUZTzwjiAmN-L",
          "checksum": "d7551b8a8170c079b20bd8da79cd2341"
        },
        {
          "type": "renderModule",
          "assetId": "t_Nl40d3IIrMX",
          "checksum": "6b4785d32a5083d4d0d02fa1b6fb176c"
        },
        {
          "type": "cssRules",
          "assetId": "t_Nl40d3IIrMX",
          "checksum": "6b4785d32a5083d4d0d02fa1b6fb176c"
        },
        {
          "type": "renderModule",
          "assetId": "ElYB4_DwT6HTb",
          "checksum": "ee6786954c6a55de24053e23ece00c42"
        },
        {
          "type": "cssRules",
          "assetId": "ElYB4_DwT6HTb",
          "checksum": "ee6786954c6a55de24053e23ece00c42"
        },
        {
          "type": "renderModule",
          "assetId": "BqEKY9IdaaFco",
          "checksum": "3a268bb22b8cfc23b2a1580811b1991e"
        },
        {
          "type": "cssRules",
          "assetId": "BqEKY9IdaaFco",
          "checksum": "3a268bb22b8cfc23b2a1580811b1991e"
        },
        {
          "type": "renderModule",
          "assetId": "oHgDKH7KFZ6QB",
          "checksum": "823ee32bc1a89d03ac4e4ada9125a626"
        },
        {
          "type": "cssRules",
          "assetId": "oHgDKH7KFZ6QB",
          "checksum": "823ee32bc1a89d03ac4e4ada9125a626"
        },
        {
          "type": "renderModule",
          "assetId": "XiZWZOswo-wub0",
          "checksum": "e012a7ab9127b779c88906e77ab1a99b"
        },
        {
          "type": "cssRules",
          "assetId": "XiZWZOswo-wub0",
          "checksum": "e012a7ab9127b779c88906e77ab1a99b"
        },
        {
          "type": "renderModule",
          "assetId": "IKb2qCPR8Zi9iN",
          "checksum": "e8ad1e91bec2d675d30ec1dfbc5fd4ce"
        },
        {
          "type": "cssRules",
          "assetId": "IKb2qCPR8Zi9iN",
          "checksum": "e8ad1e91bec2d675d30ec1dfbc5fd4ce"
        },
        {
          "type": "renderModule",
          "assetId": "cism2O-esJiA6G",
          "checksum": "6582d7008b616b08f68ef7c0fc704f30"
        },
        {
          "type": "cssRules",
          "assetId": "cism2O-esJiA6G",
          "checksum": "6582d7008b616b08f68ef7c0fc704f30"
        },
        {
          "type": "renderModule",
          "assetId": "aSxk8CC3wCyLN9",
          "checksum": "3f38c964c270a3b69666431b5c89658f"
        },
        {
          "type": "cssRules",
          "assetId": "aSxk8CC3wCyLN9",
          "checksum": "3f38c964c270a3b69666431b5c89658f"
        },
        {
          "type": "renderModule",
          "assetId": "iRRPTIX2nsL-BK",
          "checksum": "6bb59c5a4d2a5a6495f94fa0bb0ef40d"
        },
        {
          "type": "cssRules",
          "assetId": "iRRPTIX2nsL-BK",
          "checksum": "6bb59c5a4d2a5a6495f94fa0bb0ef40d"
        },
        {
          "type": "renderModule",
          "assetId": "qFHSHegkScP3U6",
          "checksum": "081b66c1a71569b5b921699e273124f3"
        },
        {
          "type": "cssRules",
          "assetId": "qFHSHegkScP3U6",
          "checksum": "081b66c1a71569b5b921699e273124f3"
        },
        {
          "type": "renderModule",
          "assetId": "E7FTZonbO2mBw6",
          "checksum": "df9a21726570e5c4a94aeec7c2626ecc"
        },
        {
          "type": "cssRules",
          "assetId": "E7FTZonbO2mBw6",
          "checksum": "df9a21726570e5c4a94aeec7c2626ecc"
        },
        {
          "type": "renderModule",
          "assetId": "FT-plzYtpQzhJR",
          "checksum": "b31f290f0fcbbf5f0f63e41523ed62ac"
        },
        {
          "type": "cssRules",
          "assetId": "FT-plzYtpQzhJR",
          "checksum": "b31f290f0fcbbf5f0f63e41523ed62ac"
        },
        {
          "type": "renderModule",
          "assetId": "P7xj0ZB4W2JHYV",
          "checksum": "a32a3373976268e70de7e48c9ad9f046"
        },
        {
          "type": "cssRules",
          "assetId": "P7xj0ZB4W2JHYV",
          "checksum": "a32a3373976268e70de7e48c9ad9f046"
        },
        {
          "type": "renderModule",
          "assetId": "qz2UBPc47eYbwu",
          "checksum": "bfdc9121e1f004f14180d086ee66db1b"
        },
        {
          "type": "cssRules",
          "assetId": "qz2UBPc47eYbwu",
          "checksum": "bfdc9121e1f004f14180d086ee66db1b"
        },
        {
          "type": "renderModule",
          "assetId": "8HWocchRvjV8B1",
          "checksum": "2ed3816a3a7f8bb3334085e7bc01c755"
        },
        {
          "type": "cssRules",
          "assetId": "8HWocchRvjV8B1",
          "checksum": "2ed3816a3a7f8bb3334085e7bc01c755"
        },
        {
          "type": "icon",
          "assetId": "LzELw__A-R5m1S",
          "checksum": "7e7d6bcedcdc06abc8ca2b5fa1c59df6"
        },
        {
          "type": "icon",
          "assetId": "Tebb5DWGdTOanj",
          "checksum": "94499b8c5832fbfa4b6ff7ec7694f145"
        },
        {
          "type": "icon",
          "assetId": "-RgLFuPPQeU3-U",
          "checksum": "fd598e24525f096ca732b8c7f0a0a9f0"
        },
        {
          "type": "icon",
          "assetId": "CW6FTdXRAHOGJc",
          "checksum": "7e2bd04cb669d4a60a6694c91f6d071d"
        },
        {
          "type": "icon",
          "assetId": "JcsYi2t0Hwn2yk",
          "checksum": "2ad02620c406d56ce7260b0f134c0b88"
        },
        {
          "type": "icon",
          "assetId": "wn30mWsyomFuzW",
          "checksum": "13be6c19553a8a507d579a51f2d78aa5"
        },
        {
          "type": "icon",
          "assetId": "HT1hZXo31indQ4",
          "checksum": "20a616f1ff93086b6a61364ad5ad06eb"
        },
        {
          "type": "icon",
          "assetId": "km64D7DzhtQtGh",
          "checksum": "5fa9c75f63d70386e6cb02fb3e063d4d"
        },
        {
          "type": "icon",
          "assetId": "gug61_EJWG7qCc",
          "checksum": "dbd03ee2bf451a3724312201a415b661"
        },
        {
          "type": "icon",
          "assetId": "yP8oufPazU443E",
          "checksum": "a640152af723039300c648433bf2dba2"
        },
        {
          "type": "icon",
          "assetId": "_7P4PM8cWILyw0",
          "checksum": "ced536860e8aab8b694064b131c57d32"
        },
        {
          "type": "icon",
          "assetId": "hsfF9g4CStbR4v",
          "checksum": "69b23378edbeefbac031619d47a62227"
        },
        {
          "type": "icon",
          "assetId": "pOnRzvSPr3blnh",
          "checksum": "f0201d26b39027df27fcdfb906837acc"
        },
        {
          "type": "icon",
          "assetId": "KBKX2VTNei51mV",
          "checksum": "0689b04c1f6fd6ca9e5acb01c7fc0abc"
        },
        {
          "type": "icon",
          "assetId": "_OIxkF22O8gUCI",
          "checksum": "7918c5468ff7bde1498d8434a4a99f69"
        },
        {
          "type": "icon",
          "assetId": "g_o196fqfPZST5",
          "checksum": "7c943994859b3fbf0148bae8e651815e"
        },
        {
          "type": "icon",
          "assetId": "DsfjvTK7l0B41v",
          "checksum": "8dfe82414cf384a5a3b41673ecfafcff"
        },
        {
          "type": "icon",
          "assetId": "aTsegZOXmHtokK",
          "checksum": "2d36b3724f6ae518788e735d9680300d"
        },
        {
          "type": "icon",
          "assetId": "Wfsq1Y3ef6X1GH",
          "checksum": "179ce82b6c3e0d9c141e3edb2b5d993c"
        },
        {
          "type": "icon",
          "assetId": "tSgnaVUGrwSF0C",
          "checksum": "26efd6cc267c81e7019c315882fcfb50"
        },
        {
          "type": "icon",
          "assetId": "Jc-8ZPXnyWwboO",
          "checksum": "ae0de3242df841d15465a505099d8b59"
        },
        {
          "type": "icon",
          "assetId": "Z9kfHjkUxt5qNp",
          "checksum": "156c4e5882f1516c931e17fd3c2f0f2a"
        },
        {
          "type": "image",
          "assetId": "Ko1wukEv8ovx0P",
          "checksum": "6a04750d157a2f18a14e9eeb8ba2080e"
        },
        {
          "type": "image",
          "assetId": "JCZ8_3q6M199eP",
          "checksum": "47a1efa4a9fd9ad095747b53fc127bc2"
        },
        {
          "type": "image",
          "assetId": "yA6iiGyKVaiD1V",
          "checksum": "af3118e755199bd174321f3691b5472d"
        },
        {
          "type": "image",
          "assetId": "gTXjeXFHr9dvjo",
          "checksum": "007206d072fa3fa332c3c59d55f07726"
        }
      ],
      "codegenVersion": "0.0.1"
    }
  ],
  "cliVersion": "0.1.217"
}
